
Microsoft Visual Studio Solution File, Format Version 12.00
# Visual Studio 2013
VisualStudioVersion = 12.0.21005.1
MinimumVisualStudioVersion = 10.0.40219.1
Project("{8BC9CEB8-8B4A-11D0-8D11-00A0C91BC942}") = "Tesseract-OCR_Test", "Tesseract-OCR_Test\Tesseract-OCR_Test.vcxproj", "{B358494F-2B55-456C-AACD-C8EEEFDB9368}"
EndProject
Project("{8BC9CEB8-8B4A-11D0-8D11-00A0C91BC942}") = "zlib", "zlib\zlib.vcxproj", "{00AD42E3-8C42-44CE-91C4-6EE8F1156E27}"
EndProject
Project("{8BC9CEB8-8B4A-11D0-8D11-00A0C91BC942}") = "libpng", "libpng\libpng.vcxproj", "{B1739827-7AAD-476E-A23B-D4BA38A1D75F}"
EndProject
Project("{8BC9CEB8-8B4A-11D0-8D11-00A0C91BC942}") = "libjpeg", "libjpeg\libjpeg.vcxproj", "{FDA560FA-EB9E-41C8-8999-F6565042A05C}"
EndProject
Project("{8BC9CEB8-8B4A-11D0-8D11-00A0C91BC942}") = "libtiff", "libtiff\libtiff.vcxproj", "{A080C3FA-8F56-4ECE-8B0D-5799038CD6AD}"
EndProject
Project("{8BC9CEB8-8B4A-11D0-8D11-00A0C91BC942}") = "giflib", "giflib\giflib.vcxproj", "{570734C5-A60D-4167-A79D-80D431E08728}"
EndProject
Project("{8BC9CEB8-8B4A-11D0-8D11-00A0C91BC942}") = "liblept", "liblept\liblept.vcxproj", "{E5BBB606-6F6A-49ED-8343-98C272BDF4DF}"
EndProject
Project("{8BC9CEB8-8B4A-11D0-8D11-00A0C91BC942}") = "Liblept_Test", "liblepttest\liblepttest.vcxproj", "{D2F742B0-4668-4ED2-AFCF-D0EF35EA5694}"
EndProject
Project("{8BC9CEB8-8B4A-11D0-8D11-00A0C91BC942}") = "libtesseract", "libtesseract\libtesseract.vcxproj", "{D8FC2C53-B565-4040-A43D-921CACE3554A}"
EndProject
Project("{8BC9CEB8-8B4A-11D0-8D11-00A0C91BC942}") = "libFreeType", "libFreeType\libFreeType.vcxproj", "{ED642ADB-8260-42ED-AC3D-7D175CD66234}"
EndProject
Project("{8BC9CEB8-8B4A-11D0-8D11-00A0C91BC942}") = "FreeType_Test", "FreeTypetest\FreeTypetest.vcxproj", "{92548AB1-B209-41A2-8FA3-C4EE78E40B2D}"
EndProject
Project("{8BC9CEB8-8B4A-11D0-8D11-00A0C91BC942}") = "TextDetect_Test", "TextDetect_Test\TextDetect_Test.vcxproj", "{177AF9E2-2A5E-456E-B83F-A0B284B77AB4}"
EndProject
Project("{8BC9CEB8-8B4A-11D0-8D11-00A0C91BC942}") = "UTF8_CPP_Test", "UTF8_CPP_Test\UTF8_CPP_Test.vcxproj", "{8078B738-1D91-426E-9242-19C619B5DDB7}"
EndProject
Global
	GlobalSection(SolutionConfigurationPlatforms) = preSolution
		Debug|x64 = Debug|x64
		Release|x64 = Release|x64
	EndGlobalSection
	GlobalSection(ProjectConfigurationPlatforms) = postSolution
		{B358494F-2B55-456C-AACD-C8EEEFDB9368}.Debug|x64.ActiveCfg = Debug|x64
		{B358494F-2B55-456C-AACD-C8EEEFDB9368}.Debug|x64.Build.0 = Debug|x64
		{B358494F-2B55-456C-AACD-C8EEEFDB9368}.Release|x64.ActiveCfg = Release|x64
		{B358494F-2B55-456C-AACD-C8EEEFDB9368}.Release|x64.Build.0 = Release|x64
		{00AD42E3-8C42-44CE-91C4-6EE8F1156E27}.Debug|x64.ActiveCfg = Debug|x64
		{00AD42E3-8C42-44CE-91C4-6EE8F1156E27}.Debug|x64.Build.0 = Debug|x64
		{00AD42E3-8C42-44CE-91C4-6EE8F1156E27}.Release|x64.ActiveCfg = Release|x64
		{00AD42E3-8C42-44CE-91C4-6EE8F1156E27}.Release|x64.Build.0 = Release|x64
		{B1739827-7AAD-476E-A23B-D4BA38A1D75F}.Debug|x64.ActiveCfg = Debug|x64
		{B1739827-7AAD-476E-A23B-D4BA38A1D75F}.Debug|x64.Build.0 = Debug|x64
		{B1739827-7AAD-476E-A23B-D4BA38A1D75F}.Release|x64.ActiveCfg = Release|x64
		{B1739827-7AAD-476E-A23B-D4BA38A1D75F}.Release|x64.Build.0 = Release|x64
		{FDA560FA-EB9E-41C8-8999-F6565042A05C}.Debug|x64.ActiveCfg = Debug|x64
		{FDA560FA-EB9E-41C8-8999-F6565042A05C}.Debug|x64.Build.0 = Debug|x64
		{FDA560FA-EB9E-41C8-8999-F6565042A05C}.Release|x64.ActiveCfg = Release|x64
		{FDA560FA-EB9E-41C8-8999-F6565042A05C}.Release|x64.Build.0 = Release|x64
		{A080C3FA-8F56-4ECE-8B0D-5799038CD6AD}.Debug|x64.ActiveCfg = Debug|x64
		{A080C3FA-8F56-4ECE-8B0D-5799038CD6AD}.Debug|x64.Build.0 = Debug|x64
		{A080C3FA-8F56-4ECE-8B0D-5799038CD6AD}.Release|x64.ActiveCfg = Release|x64
		{A080C3FA-8F56-4ECE-8B0D-5799038CD6AD}.Release|x64.Build.0 = Release|x64
		{570734C5-A60D-4167-A79D-80D431E08728}.Debug|x64.ActiveCfg = Debug|x64
		{570734C5-A60D-4167-A79D-80D431E08728}.Debug|x64.Build.0 = Debug|x64
		{570734C5-A60D-4167-A79D-80D431E08728}.Release|x64.ActiveCfg = Release|x64
		{570734C5-A60D-4167-A79D-80D431E08728}.Release|x64.Build.0 = Release|x64
		{E5BBB606-6F6A-49ED-8343-98C272BDF4DF}.Debug|x64.ActiveCfg = Debug|x64
		{E5BBB606-6F6A-49ED-8343-98C272BDF4DF}.Debug|x64.Build.0 = Debug|x64
		{E5BBB606-6F6A-49ED-8343-98C272BDF4DF}.Release|x64.ActiveCfg = Release|x64
		{E5BBB606-6F6A-49ED-8343-98C272BDF4DF}.Release|x64.Build.0 = Release|x64
		{D2F742B0-4668-4ED2-AFCF-D0EF35EA5694}.Debug|x64.ActiveCfg = Debug|x64
		{D2F742B0-4668-4ED2-AFCF-D0EF35EA5694}.Debug|x64.Build.0 = Debug|x64
		{D2F742B0-4668-4ED2-AFCF-D0EF35EA5694}.Release|x64.ActiveCfg = Release|x64
		{D2F742B0-4668-4ED2-AFCF-D0EF35EA5694}.Release|x64.Build.0 = Release|x64
		{D8FC2C53-B565-4040-A43D-921CACE3554A}.Debug|x64.ActiveCfg = Debug|x64
		{D8FC2C53-B565-4040-A43D-921CACE3554A}.Release|x64.ActiveCfg = Release|x64
		{ED642ADB-8260-42ED-AC3D-7D175CD66234}.Debug|x64.ActiveCfg = Debug|x64
		{ED642ADB-8260-42ED-AC3D-7D175CD66234}.Debug|x64.Build.0 = Debug|x64
		{ED642ADB-8260-42ED-AC3D-7D175CD66234}.Release|x64.ActiveCfg = Release|x64
		{ED642ADB-8260-42ED-AC3D-7D175CD66234}.Release|x64.Build.0 = Release|x64
		{92548AB1-B209-41A2-8FA3-C4EE78E40B2D}.Debug|x64.ActiveCfg = Debug|x64
		{92548AB1-B209-41A2-8FA3-C4EE78E40B2D}.Debug|x64.Build.0 = Debug|x64
		{92548AB1-B209-41A2-8FA3-C4EE78E40B2D}.Release|x64.ActiveCfg = Release|x64
		{92548AB1-B209-41A2-8FA3-C4EE78E40B2D}.Release|x64.Build.0 = Release|x64
		{177AF9E2-2A5E-456E-B83F-A0B284B77AB4}.Debug|x64.ActiveCfg = Debug|x64
		{177AF9E2-2A5E-456E-B83F-A0B284B77AB4}.Release|x64.ActiveCfg = Release|x64
		{8078B738-1D91-426E-9242-19C619B5DDB7}.Debug|x64.ActiveCfg = Debug|x64
		{8078B738-1D91-426E-9242-19C619B5DDB7}.Release|x64.ActiveCfg = Release|x64
	EndGlobalSection
	GlobalSection(SolutionProperties) = preSolution
		HideSolutionNode = FALSE
	EndGlobalSection
EndGlobal
