<?xml version="1.0" encoding="utf-8"?>
<Project ToolsVersion="4.0" xmlns="http://schemas.microsoft.com/developer/msbuild/2003">
  <ItemGroup>
    <Filter Include="源文件">
      <UniqueIdentifier>{4FC737F1-C7A5-4376-A066-2A32D752A2FF}</UniqueIdentifier>
      <Extensions>cpp;c;cc;cxx;def;odl;idl;hpj;bat;asm;asmx</Extensions>
    </Filter>
    <Filter Include="头文件">
      <UniqueIdentifier>{93995380-89BD-4b04-88EB-625FBE52EBFB}</UniqueIdentifier>
      <Extensions>h;hh;hpp;hxx;hm;inl;inc;xsd</Extensions>
    </Filter>
    <Filter Include="资源文件">
      <UniqueIdentifier>{67DA6AB6-F800-4c08-8B7A-83BB121AAD01}</UniqueIdentifier>
      <Extensions>rc;ico;cur;bmp;dlg;rc2;rct;bin;rgs;gif;jpg;jpeg;jpe;resx;tiff;tif;png;wav;mfcribbon-ms</Extensions>
    </Filter>
  </ItemGroup>
  <ItemGroup>
    <ClCompile Include="..\..\..\src\libjpeg-turbo\jaricom.c">
      <Filter>源文件</Filter>
    </ClCompile>
    <ClCompile Include="..\..\..\src\libjpeg-turbo\jcapimin.c">
      <Filter>源文件</Filter>
    </ClCompile>
    <ClCompile Include="..\..\..\src\libjpeg-turbo\jcapistd.c">
      <Filter>源文件</Filter>
    </ClCompile>
    <ClCompile Include="..\..\..\src\libjpeg-turbo\jcarith.c">
      <Filter>源文件</Filter>
    </ClCompile>
    <ClCompile Include="..\..\..\src\libjpeg-turbo\jccoefct.c">
      <Filter>源文件</Filter>
    </ClCompile>
    <ClCompile Include="..\..\..\src\libjpeg-turbo\jccolor.c">
      <Filter>源文件</Filter>
    </ClCompile>
    <ClCompile Include="..\..\..\src\libjpeg-turbo\jcdctmgr.c">
      <Filter>源文件</Filter>
    </ClCompile>
    <ClCompile Include="..\..\..\src\libjpeg-turbo\jchuff.c">
      <Filter>源文件</Filter>
    </ClCompile>
    <ClCompile Include="..\..\..\src\libjpeg-turbo\jcicc.c">
      <Filter>源文件</Filter>
    </ClCompile>
    <ClCompile Include="..\..\..\src\libjpeg-turbo\jcinit.c">
      <Filter>源文件</Filter>
    </ClCompile>
    <ClCompile Include="..\..\..\src\libjpeg-turbo\jcmainct.c">
      <Filter>源文件</Filter>
    </ClCompile>
    <ClCompile Include="..\..\..\src\libjpeg-turbo\jcmarker.c">
      <Filter>源文件</Filter>
    </ClCompile>
    <ClCompile Include="..\..\..\src\libjpeg-turbo\jcmaster.c">
      <Filter>源文件</Filter>
    </ClCompile>
    <ClCompile Include="..\..\..\src\libjpeg-turbo\jcomapi.c">
      <Filter>源文件</Filter>
    </ClCompile>
    <ClCompile Include="..\..\..\src\libjpeg-turbo\jcparam.c">
      <Filter>源文件</Filter>
    </ClCompile>
    <ClCompile Include="..\..\..\src\libjpeg-turbo\jcphuff.c">
      <Filter>源文件</Filter>
    </ClCompile>
    <ClCompile Include="..\..\..\src\libjpeg-turbo\jcprepct.c">
      <Filter>源文件</Filter>
    </ClCompile>
    <ClCompile Include="..\..\..\src\libjpeg-turbo\jcsample.c">
      <Filter>源文件</Filter>
    </ClCompile>
    <ClCompile Include="..\..\..\src\libjpeg-turbo\jctrans.c">
      <Filter>源文件</Filter>
    </ClCompile>
    <ClCompile Include="..\..\..\src\libjpeg-turbo\jdapistd.c">
      <Filter>源文件</Filter>
    </ClCompile>
    <ClCompile Include="..\..\..\src\libjpeg-turbo\jdarith.c">
      <Filter>源文件</Filter>
    </ClCompile>
    <ClCompile Include="..\..\..\src\libjpeg-turbo\jdatadst.c">
      <Filter>源文件</Filter>
    </ClCompile>
    <ClCompile Include="..\..\..\src\libjpeg-turbo\jdatadst-tj.c">
      <Filter>源文件</Filter>
    </ClCompile>
    <ClCompile Include="..\..\..\src\libjpeg-turbo\jdatasrc.c">
      <Filter>源文件</Filter>
    </ClCompile>
    <ClCompile Include="..\..\..\src\libjpeg-turbo\jdatasrc-tj.c">
      <Filter>源文件</Filter>
    </ClCompile>
    <ClCompile Include="..\..\..\src\libjpeg-turbo\jdcoefct.c">
      <Filter>源文件</Filter>
    </ClCompile>
    <ClCompile Include="..\..\..\src\libjpeg-turbo\jdcolor.c">
      <Filter>源文件</Filter>
    </ClCompile>
    <ClCompile Include="..\..\..\src\libjpeg-turbo\jddctmgr.c">
      <Filter>源文件</Filter>
    </ClCompile>
    <ClCompile Include="..\..\..\src\libjpeg-turbo\jdhuff.c">
      <Filter>源文件</Filter>
    </ClCompile>
    <ClCompile Include="..\..\..\src\libjpeg-turbo\jdicc.c">
      <Filter>源文件</Filter>
    </ClCompile>
    <ClCompile Include="..\..\..\src\libjpeg-turbo\jdinput.c">
      <Filter>源文件</Filter>
    </ClCompile>
    <ClCompile Include="..\..\..\src\libjpeg-turbo\jdmainct.c">
      <Filter>源文件</Filter>
    </ClCompile>
    <ClCompile Include="..\..\..\src\libjpeg-turbo\jdmarker.c">
      <Filter>源文件</Filter>
    </ClCompile>
    <ClCompile Include="..\..\..\src\libjpeg-turbo\jdmaster.c">
      <Filter>源文件</Filter>
    </ClCompile>
    <ClCompile Include="..\..\..\src\libjpeg-turbo\jdmerge.c">
      <Filter>源文件</Filter>
    </ClCompile>
    <ClCompile Include="..\..\..\src\libjpeg-turbo\jdphuff.c">
      <Filter>源文件</Filter>
    </ClCompile>
    <ClCompile Include="..\..\..\src\libjpeg-turbo\jdpostct.c">
      <Filter>源文件</Filter>
    </ClCompile>
    <ClCompile Include="..\..\..\src\libjpeg-turbo\jdsample.c">
      <Filter>源文件</Filter>
    </ClCompile>
    <ClCompile Include="..\..\..\src\libjpeg-turbo\jdtrans.c">
      <Filter>源文件</Filter>
    </ClCompile>
    <ClCompile Include="..\..\..\src\libjpeg-turbo\jerror.c">
      <Filter>源文件</Filter>
    </ClCompile>
    <ClCompile Include="..\..\..\src\libjpeg-turbo\jfdctflt.c">
      <Filter>源文件</Filter>
    </ClCompile>
    <ClCompile Include="..\..\..\src\libjpeg-turbo\jfdctfst.c">
      <Filter>源文件</Filter>
    </ClCompile>
    <ClCompile Include="..\..\..\src\libjpeg-turbo\jfdctint.c">
      <Filter>源文件</Filter>
    </ClCompile>
    <ClCompile Include="..\..\..\src\libjpeg-turbo\jidctflt.c">
      <Filter>源文件</Filter>
    </ClCompile>
    <ClCompile Include="..\..\..\src\libjpeg-turbo\jidctfst.c">
      <Filter>源文件</Filter>
    </ClCompile>
    <ClCompile Include="..\..\..\src\libjpeg-turbo\jidctint.c">
      <Filter>源文件</Filter>
    </ClCompile>
    <ClCompile Include="..\..\..\src\libjpeg-turbo\jidctred.c">
      <Filter>源文件</Filter>
    </ClCompile>
    <ClCompile Include="..\..\..\src\libjpeg-turbo\jmemmgr.c">
      <Filter>源文件</Filter>
    </ClCompile>
    <ClCompile Include="..\..\..\src\libjpeg-turbo\jmemnobs.c">
      <Filter>源文件</Filter>
    </ClCompile>
    <ClCompile Include="..\..\..\src\libjpeg-turbo\jquant1.c">
      <Filter>源文件</Filter>
    </ClCompile>
    <ClCompile Include="..\..\..\src\libjpeg-turbo\jquant2.c">
      <Filter>源文件</Filter>
    </ClCompile>
    <ClCompile Include="..\..\..\src\libjpeg-turbo\jutils.c">
      <Filter>源文件</Filter>
    </ClCompile>
    <ClCompile Include="..\..\..\src\libjpeg-turbo\rdbmp.c">
      <Filter>源文件</Filter>
    </ClCompile>
    <ClCompile Include="..\..\..\src\libjpeg-turbo\rdppm.c">
      <Filter>源文件</Filter>
    </ClCompile>
    <ClCompile Include="..\..\..\src\libjpeg-turbo\transupp.c">
      <Filter>源文件</Filter>
    </ClCompile>
    <ClCompile Include="..\..\..\src\libjpeg-turbo\turbojpeg.c">
      <Filter>源文件</Filter>
    </ClCompile>
    <ClCompile Include="..\..\..\src\libjpeg-turbo\wrbmp.c">
      <Filter>源文件</Filter>
    </ClCompile>
    <ClCompile Include="..\..\..\src\libjpeg-turbo\wrppm.c">
      <Filter>源文件</Filter>
    </ClCompile>
  </ItemGroup>
</Project>